
Microsoft Visual Studio Solution File, Format Version 12.00
# Visual Studio Version 17
VisualStudioVersion = 17.5.33516.290
MinimumVisualStudioVersion = 10.0.40219.1
Project("{FAE04EC0-301F-11D3-BF4B-00C04F79EFBC}") = "pharmacy_console", "pharmacy_console.csproj", "{E0C405E2-2DB3-43FA-B855-F2371FBA43F1}"
EndProject
Project("{2150E333-8FDC-42A3-9474-1A3956D46DE8}") = "PharmacySystem", "PharmacySystem", "{060EE436-7E1F-44C5-8E9F-AA663E1555A0}"
EndProject
Global
	GlobalSection(SolutionConfigurationPlatforms) = preSolution
		Debug|Any CPU = Debug|Any CPU
		Release|Any CPU = Release|Any CPU
	EndGlobalSection
	GlobalSection(ProjectConfigurationPlatforms) = postSolution
		{E0C405E2-2DB3-43FA-B855-F2371FBA43F1}.Debug|Any CPU.ActiveCfg = Debug|Any CPU
		{E0C405E2-2DB3-43FA-B855-F2371FBA43F1}.Debug|Any CPU.Build.0 = Debug|Any CPU
		{E0C405E2-2DB3-43FA-B855-F2371FBA43F1}.Release|Any CPU.ActiveCfg = Release|Any CPU
		{E0C405E2-2DB3-43FA-B855-F2371FBA43F1}.Release|Any CPU.Build.0 = Release|Any CPU
	EndGlobalSection
	GlobalSection(SolutionProperties) = preSolution
		HideSolutionNode = FALSE
	EndGlobalSection
	GlobalSection(NestedProjects) = preSolution
		{E0C405E2-2DB3-43FA-B855-F2371FBA43F1} = {060EE436-7E1F-44C5-8E9F-AA663E1555A0}
	EndGlobalSection
	GlobalSection(ExtensibilityGlobals) = postSolution
		SolutionGuid = {C862BD15-656A-477B-9782-75F7DA20EB74}
	EndGlobalSection
EndGlobal
